// !$*UTF8*$!
{
	archiveVersion = 1;
	classes = {
	};
	objectVersion = 46;
	objects = {

/* Begin PBXBuildFile section */
		4AAD57221C3CBA7900E08359 /* AppDelegate.swift in Sources */ = {isa = PBXBuildFile; fileRef = 4AAD57211C3CBA7900E08359 /* AppDelegate.swift */; };
		4AAD57241C3CBA7900E08359 /* ViewController.swift in Sources */ = {isa = PBXBuildFile; fileRef = 4AAD57231C3CBA7900E08359 /* ViewController.swift */; };
		4AAD57271C3CBA7900E08359 /* Main.storyboard in Resources */ = {isa = PBXBuildFile; fileRef = 4AAD57251C3CBA7900E08359 /* Main.storyboard */; };
		4AAD57291C3CBA7900E08359 /* Assets.xcassets in Resources */ = {isa = PBXBuildFile; fileRef = 4AAD57281C3CBA7900E08359 /* Assets.xcassets */; };
		4AAD572C1C3CBA7900E08359 /* LaunchScreen.storyboard in Resources */ = {isa = PBXBuildFile; fileRef = 4AAD572A1C3CBA7900E08359 /* LaunchScreen.storyboard */; };
/* End PBXBuildFile section */

/* Begin PBXFileReference section */
		4AAD571E1C3CBA7800E08359 /* Project2.app */ = {isa = PBXFileReference; explicitFileType = wrapper.application; includeInIndex = 0; path = Project2.app; sourceTree = BUILT_PRODUCTS_DIR; };
		4AAD57211C3CBA7900E08359 /* AppDelegate.swift */ = {isa = PBXFileReference; lastKnownFileType = sourcecode.swift; path = AppDelegate.swift; sourceTree = "<group>"; };
		4AAD57231C3CBA7900E08359 /* ViewController.swift */ = {isa = PBXFileReference; lastKnownFileType = sourcecode.swift; path = ViewController.swift; sourceTree = "<group>"; };
		4AAD57261C3CBA7900E08359 /* Base */ = {isa = PBXFileReference; lastKnownFileType = file.storyboard; name = Base; path = Base.lproj/Main.storyboard; sourceTree = "<group>"; };
		4AAD57281C3CBA7900E08359 /* Assets.xcassets */ = {isa = PBXFileReference; lastKnownFileType = folder.assetcatalog; path = Assets.xcassets; sourceTree = "<group>"; };
		4AAD572B1C3CBA7900E08359 /* Base */ = {isa = PBXFileReference; lastKnownFileType = file.storyboard; name = Base; path = Base.lproj/LaunchScreen.storyboard; sourceTree = "<group>"; };
		4AAD572D1C3CBA7900E08359 /* Info.plist */ = {isa = PBXFileReference; lastKnownFileType = text.plist.xml; path = Info.plist; sourceTree = "<group>"; };
/* End PBXFileReference section */

/* Begin PBXFrameworksBuildPhase section */
		4AAD571B1C3CBA7800E08359 /* Frameworks */ = {
			isa = PBXFrameworksBuildPhase;
			buildActionMask = 2147483647;
			files = (
			);
			runOnlyForDeploymentPostprocessing = 0;
		};
/* End PBXFrameworksBuildPhase section */

/* Begin PBXGroup section */
		4AAD57151C3CBA7800E08359 = {
			isa = PBXGroup;
			children = (
				4AAD57201C3CBA7900E08359 /* Project2 */,
				4AAD571F1C3CBA7800E08359 /* Products */,
			);
			sourceTree = "<group>";
		};
		4AAD571F1C3CBA7800E08359 /* Products */ = {
			isa = PBXGroup;
			children = (
				4AAD571E1C3CBA7800E08359 /* Project2.app */,
			);
			name = Products;
			sourceTree = "<group>";
		};
		4AAD57201C3CBA7900E08359 /* Project2 */ = {
			isa = PBXGroup;
			children = (
				4AAD57211C3CBA7900E08359 /* AppDelegate.swift */,
				4AAD57231C3CBA7900E08359 /* ViewController.swift */,
				4AAD57251C3CBA7900E08359 /* Main.storyboard */,
				4AAD57281C3CBA7900E08359 /* Assets.xcassets */,
				4AAD572A1C3CBA7900E08359 /* LaunchScreen.storyboard */,
				4AAD572D1C3CBA7900E08359 /* Info.plist */,
			);
			path = Project2;
			sourceTree = "<group>";
		};
/* End PBXGroup section */

/* Begin PBXNativeTarget section */
		4AAD571D1C3CBA7800E08359 /* Project2 */ = {
			isa = PBXNativeTarget;
			buildConfigurationList = 4AAD57301C3CBA7900E08359 /* Build configuration list for PBXNativeTarget "Project2" */;
			buildPhases = (
				4AAD571A1C3CBA7800E08359 /* Sources */,
				4AAD571B1C3CBA7800E08359 /* Frameworks */,
				4AAD571C1C3CBA7800E08359 /* Resources */,
			);
			buildRules = (
			);
			dependencies = (
			);
			name = Project2;
			productName = Project2;
			productReference = 4AAD571E1C3CBA7800E08359 /* Project2.app */;
			productType = "com.apple.product-type.application";
		};
/* End PBXNativeTarget section */

/* Begin PBXProject section */
		4AAD57161C3CBA7800E08359 /* Project object */ = {
			isa = PBXProject;
			attributes = {
				LastSwiftUpdateCheck = 0720;
				LastUpgradeCheck = 0720;
				ORGANIZATIONNAME = HarryLiu;
				TargetAttributes = {
					4AAD571D1C3CBA7800E08359 = {
						CreatedOnToolsVersion = 7.2;
						DevelopmentTeam = 7PS6VF94Y3;
					};
				};
			};
			buildConfigurationList = 4AAD57191C3CBA7800E08359 /* Build configuration list for PBXProject "Project2" */;
			compatibilityVersion = "Xcode 3.2";
			developmentRegion = English;
			hasScannedForEncodings = 0;
			knownRegions = (
				en,
				Base,
			);
			mainGroup = 4AAD57151C3CBA7800E08359;
			productRefGroup = 4AAD571F1C3CBA7800E08359 /* Products */;
			projectDirPath = "";
			projectRoot = "";
			targets = (
				4AAD571D1C3CBA7800E08359 /* Project2 */,
			);
		};
/* End PBXProject section */

/* Begin PBXResourcesBuildPhase section */
		4AAD571C1C3CBA7800E08359 /* Resources */ = {
			isa = PBXResourcesBuildPhase;
			buildActionMask = 2147483647;
			files = (
				4AAD572C1C3CBA7900E08359 /* LaunchScreen.storyboard in Resources */,
				4AAD57291C3CBA7900E08359 /* Assets.xcassets in Resources */,
				4AAD57271C3CBA7900E08359 /* Main.storyboard in Resources */,
			);
			runOnlyForDeploymentPostprocessing = 0;
		};
/* End PBXResourcesBuildPhase section */

/* Begin PBXSourcesBuildPhase section */
		4AAD571A1C3CBA7800E08359 /* Sources */ = {
			isa = PBXSourcesBuildPhase;
			buildActionMask = 2147483647;
			files = (
				4AAD57241C3CBA7900E08359 /* ViewController.swift in Sources */,
				4AAD57221C3CBA7900E08359 /* AppDelegate.swift in Sources */,
			);
			runOnlyForDeploymentPostprocessing = 0;
		};
/* End PBXSourcesBuildPhase section */

/* Begin PBXVariantGroup section */
		4AAD57251C3CBA7900E08359 /* Main.storyboard */ = {
			isa = PBXVariantGroup;
			children = (
				4AAD57261C3CBA7900E08359 /* Base */,
			);
			name = Main.storyboard;
			sourceTree = "<group>";
		};
		4AAD572A1C3CBA7900E08359 /* LaunchScreen.storyboard */ = {
			isa = PBXVariantGroup;
			children = (
				4AAD572B1C3CBA7900E08359 /* Base */,
			);
			name = LaunchScreen.storyboard;
			sourceTree = "<group>";
		};
/* End PBXVariantGroup section */

/* Begin XCBuildConfiguration section */
		4AAD572E1C3CBA7900E08359 /* Debug */ = {
			isa = XCBuildConfiguration;
			buildSettings = {
				ALWAYS_SEARCH_USER_PATHS = NO;
				CLANG_CXX_LANGUAGE_STANDARD = "gnu++0x";
				CLANG_CXX_LIBRARY = "libc++";
				CLANG_ENABLE_MODULES = YES;
				CLANG_ENABLE_OBJC_ARC = YES;
				CLANG_WARN_BOOL_CONVERSION = YES;
				CLANG_WARN_CONSTANT_CONVERSION = YES;
				CLANG_WARN_DIRECT_OBJC_ISA_USAGE = YES_ERROR;
				CLANG_WARN_EMPTY_BODY = YES;
				CLANG_WARN_ENUM_CONVERSION = YES;
				CLANG_WARN_INT_CONVERSION = YES;
				CLANG_WARN_OBJC_ROOT_CLASS = YES_ERROR;
				CLANG_WARN_UNREACHABLE_CODE = YES;
				CLANG_WARN__DUPLICATE_METHOD_MATCH = YES;
				"CODE_SIGN_IDENTITY[sdk=iphoneos*]" = "iPhone Developer";
				COPY_PHASE_STRIP = NO;
				DEBUG_INFORMATION_FORMAT = dwarf;
				ENABLE_STRICT_OBJC_MSGSEND = YES;
				ENABLE_TESTABILITY = YES;
				GCC_C_LANGUAGE_STANDARD = gnu99;
				GCC_DYNAMIC_NO_PIC = NO;
				GCC_NO_COMMON_BLOCKS = YES;
				GCC_OPTIMIZATION_LEVEL = 0;
				GCC_PREPROCESSOR_DEFINITIONS = (
					"DEBUG=1",
					"$(inherited)",
				);
				GCC_WARN_64_TO_32_BIT_CONVERSION = YES;
				GCC_WARN_ABOUT_RETURN_TYPE = YES_ERROR;
				GCC_WARN_UNDECLARED_SELECTOR = YES;
				GCC_WARN_UNINITIALIZED_AUTOS = YES_AGGRESSIVE;
				GCC_WARN_UNUSED_FUNCTION = YES;
				GCC_WARN_UNUSED_VARIABLE = YES;
				IPHONEOS_DEPLOYMENT_TARGET = 9.2;
				MTL_ENABLE_DEBUG_INFO = YES;
				ONLY_ACTIVE_ARCH = YES;
				SDKROOT = iphoneos;
				SWIFT_OPTIMIZATION_LEVEL = "-Onone";
			};
			name = Debug;
		};
		4AAD572F1C3CBA7900E08359 /* Release */ = {
			isa = XCBuildConfiguration;
			buildSettings = {
				ALWAYS_SEARCH_USER_PATHS = NO;
				CLANG_CXX_LANGUAGE_STANDARD = "gnu++0x";
				CLANG_CXX_LIBRARY = "libc++";
				CLANG_ENABLE_MODULES = YES;
				CLANG_ENABLE_OBJC_ARC = YES;
				CLANG_WARN_BOOL_CONVERSION = YES;
				CLANG_WARN_CONSTANT_CONVERSION = YES;
				CLANG_WARN_DIRECT_OBJC_ISA_USAGE = YES_ERROR;
				CLANG_WARN_EMPTY_BODY = YES;
				CLANG_WARN_ENUM_CONVERSION = YES;
				CLANG_WARN_INT_CONVERSION = YES;
				CLANG_WARN_OBJC_ROOT_CLASS = YES_ERROR;
				CLANG_WARN_UNREACHABLE_CODE = YES;
				CLANG_WARN__DUPLICATE_METHOD_MATCH = YES;
				"CODE_SIGN_IDENTITY[sdk=iphoneos*]" = "iPhone Developer";
				COPY_PHASE_STRIP = NO;
				DEBUG_INFORMATION_FORMAT = "dwarf-with-dsym";
				ENABLE_NS_ASSERTIONS = NO;
				ENABLE_STRICT_OBJC_MSGSEND = YES;
				GCC_C_LANGUAGE_STANDARD = gnu99;
				GCC_NO_COMMON_BLOCKS = YES;
				GCC_WARN_64_TO_32_BIT_CONVERSION = YES;
				GCC_WARN_ABOUT_RETURN_TYPE = YES_ERROR;
				GCC_WARN_UNDECLARED_SELECTOR = YES;
				GCC_WARN_UNINITIALIZED_AUTOS = YES_AGGRESSIVE;
				GCC_WARN_UNUSED_FUNCTION = YES;
				GCC_WARN_UNUSED_VARIABLE = YES;
				IPHONEOS_DEPLOYMENT_TARGET = 9.2;
				MTL_ENABLE_DEBUG_INFO = NO;
				SDKROOT = iphoneos;
				VALIDATE_PRODUCT = YES;
			};
			name = Release;
		};
		4AAD57311C3CBA7900E08359 /* Debug */ = {
			isa = XCBuildConfiguration;
			buildSettings = {
				ASSETCATALOG_COMPILER_APPICON_NAME = AppIcon;
				INFOPLIST_FILE = Project2/Info.plist;
				LD_RUNPATH_SEARCH_PATHS = "$(inherited) @executable_path/Frameworks";
				PRODUCT_BUNDLE_IDENTIFIER = me.harryliu.Project2;
				PRODUCT_NAME = "$(TARGET_NAME)";
			};
			name = Debug;
		};
		4AAD57321C3CBA7900E08359 /* Release */ = {
			isa = XCBuildConfiguration;
			buildSettings = {
				ASSETCATALOG_COMPILER_APPICON_NAME = AppIcon;
				INFOPLIST_FILE = Project2/Info.plist;
				LD_RUNPATH_SEARCH_PATHS = "$(inherited) @executable_path/Frameworks";
				PRODUCT_BUNDLE_IDENTIFIER = me.harryliu.Project2;
				PRODUCT_NAME = "$(TARGET_NAME)";
			};
			name = Release;
		};
/* End XCBuildConfiguration section */

/* Begin XCConfigurationList section */
		4AAD57191C3CBA7800E08359 /* Build configuration list for PBXProject "Project2" */ = {
			isa = XCConfigurationList;
			buildConfigurations = (
				4AAD572E1C3CBA7900E08359 /* Debug */,
				4AAD572F1C3CBA7900E08359 /* Release */,
			);
			defaultConfigurationIsVisible = 0;
			defaultConfigurationName = Release;
		};
		4AAD57301C3CBA7900E08359 /* Build configuration list for PBXNativeTarget "Project2" */ = {
			isa = XCConfigurationList;
			buildConfigurations = (
				4AAD57311C3CBA7900E08359 /* Debug */,
				4AAD57321C3CBA7900E08359 /* Release */,
			);
			defaultConfigurationIsVisible = 0;
		};
/* End XCConfigurationList section */
	};
	rootObject = 4AAD57161C3CBA7800E08359 /* Project object */;
}
